
Microsoft Visual Studio Solution File, Format Version 12.00
# Visual Studio Version 17
VisualStudioVersion = 17.0.32126.317
MinimumVisualStudioVersion = 10.0.40219.1
Project("{9A19103F-16F7-4668-BE54-9A1E7A4F7556}") = "Garcon.App", "Garcon.App\Garcon.App.csproj", "{2B30F545-44C4-4247-ADC8-59AF00D15EAA}"
EndProject
Project("{9A19103F-16F7-4668-BE54-9A1E7A4F7556}") = "Garcon.Business", "Garcon.Business\Garcon.Business.csproj", "{0C5E16FF-0606-4EF8-BEEB-05A184D96A3F}"
EndProject
Project("{9A19103F-16F7-4668-BE54-9A1E7A4F7556}") = "Garcon.Data", "Garcon.Data\Garcon.Data.csproj", "{CD97D076-2B7D-46A7-9C2D-0BD2F5C4497C}"
EndProject
Global
	GlobalSection(SolutionConfigurationPlatforms) = preSolution
		Debug|Any CPU = Debug|Any CPU
		Release|Any CPU = Release|Any CPU
	EndGlobalSection
	GlobalSection(ProjectConfigurationPlatforms) = postSolution
		{2B30F545-44C4-4247-ADC8-59AF00D15EAA}.Debug|Any CPU.ActiveCfg = Debug|Any CPU
		{2B30F545-44C4-4247-ADC8-59AF00D15EAA}.Debug|Any CPU.Build.0 = Debug|Any CPU
		{2B30F545-44C4-4247-ADC8-59AF00D15EAA}.Release|Any CPU.ActiveCfg = Release|Any CPU
		{2B30F545-44C4-4247-ADC8-59AF00D15EAA}.Release|Any CPU.Build.0 = Release|Any CPU
		{0C5E16FF-0606-4EF8-BEEB-05A184D96A3F}.Debug|Any CPU.ActiveCfg = Debug|Any CPU
		{0C5E16FF-0606-4EF8-BEEB-05A184D96A3F}.Debug|Any CPU.Build.0 = Debug|Any CPU
		{0C5E16FF-0606-4EF8-BEEB-05A184D96A3F}.Release|Any CPU.ActiveCfg = Release|Any CPU
		{0C5E16FF-0606-4EF8-BEEB-05A184D96A3F}.Release|Any CPU.Build.0 = Release|Any CPU
		{CD97D076-2B7D-46A7-9C2D-0BD2F5C4497C}.Debug|Any CPU.ActiveCfg = Debug|Any CPU
		{CD97D076-2B7D-46A7-9C2D-0BD2F5C4497C}.Debug|Any CPU.Build.0 = Debug|Any CPU
		{CD97D076-2B7D-46A7-9C2D-0BD2F5C4497C}.Release|Any CPU.ActiveCfg = Release|Any CPU
		{CD97D076-2B7D-46A7-9C2D-0BD2F5C4497C}.Release|Any CPU.Build.0 = Release|Any CPU
	EndGlobalSection
	GlobalSection(SolutionProperties) = preSolution
		HideSolutionNode = FALSE
	EndGlobalSection
	GlobalSection(ExtensibilityGlobals) = postSolution
		SolutionGuid = {3E61B899-588E-4028-8529-1100C08A3DD7}
	EndGlobalSection
EndGlobal
